
Microsoft Visual Studio Solution File, Format Version 12.00
# Visual Studio 14
VisualStudioVersion = 14.0.25420.1
MinimumVisualStudioVersion = 10.0.40219.1
Project("{D954291E-2A0B-460D-934E-DC6B0785DB48}") = "GitTrial", "GitTrial\GitTrial\GitTrial.shproj", "{1E1DA178-604F-4D27-9408-B1FAB18ADAA3}"
EndProject
Project("{FAE04EC0-301F-11D3-BF4B-00C04F79EFBC}") = "GitTrial.Droid", "GitTrial\GitTrial.Droid\GitTrial.Droid.csproj", "{C4EBDA31-0875-4307-A0C8-177F4C5C6A48}"
EndProject
Project("{FAE04EC0-301F-11D3-BF4B-00C04F79EFBC}") = "GitTrial.iOS", "GitTrial\GitTrial.iOS\GitTrial.iOS.csproj", "{B8647E1D-1EE8-45A7-AF98-7F157CBC8EA7}"
EndProject
Project("{FAE04EC0-301F-11D3-BF4B-00C04F79EFBC}") = "GitTrial.WinPhone", "GitTrial\GitTrial.WinPhone\GitTrial.WinPhone.csproj", "{01983584-45C0-4240-96CB-9E7C6345E7B5}"
EndProject
Project("{FAE04EC0-301F-11D3-BF4B-00C04F79EFBC}") = "GitTrial.UWP", "GitTrial\GitTrial.UWP\GitTrial.UWP.csproj", "{EE3D203C-780A-4D71-A3FA-2431A900A00B}"
EndProject
Project("{FAE04EC0-301F-11D3-BF4B-00C04F79EFBC}") = "GitTrial.Windows", "GitTrial\GitTrial.Windows\GitTrial.Windows.csproj", "{F61ADA69-91B9-40DD-8A02-D520B8919E70}"
EndProject
Global
	GlobalSection(SharedMSBuildProjectFiles) = preSolution
		GitTrial\GitTrial\GitTrial.projitems*{1e1da178-604f-4d27-9408-b1fab18adaa3}*SharedItemsImports = 13
		GitTrial\GitTrial\GitTrial.projitems*{b8647e1d-1ee8-45a7-af98-7f157cbc8ea7}*SharedItemsImports = 4
		GitTrial\GitTrial\GitTrial.projitems*{c4ebda31-0875-4307-a0c8-177f4c5c6a48}*SharedItemsImports = 4
	EndGlobalSection
	GlobalSection(SolutionConfigurationPlatforms) = preSolution
		Ad-Hoc|Any CPU = Ad-Hoc|Any CPU
		Ad-Hoc|ARM = Ad-Hoc|ARM
		Ad-Hoc|iPhone = Ad-Hoc|iPhone
		Ad-Hoc|iPhoneSimulator = Ad-Hoc|iPhoneSimulator
		Ad-Hoc|x64 = Ad-Hoc|x64
		Ad-Hoc|x86 = Ad-Hoc|x86
		AppStore|Any CPU = AppStore|Any CPU
		AppStore|ARM = AppStore|ARM
		AppStore|iPhone = AppStore|iPhone
		AppStore|iPhoneSimulator = AppStore|iPhoneSimulator
		AppStore|x64 = AppStore|x64
		AppStore|x86 = AppStore|x86
		Debug|Any CPU = Debug|Any CPU
		Debug|ARM = Debug|ARM
		Debug|iPhone = Debug|iPhone
		Debug|iPhoneSimulator = Debug|iPhoneSimulator
		Debug|x64 = Debug|x64
		Debug|x86 = Debug|x86
		Release|Any CPU = Release|Any CPU
		Release|ARM = Release|ARM
		Release|iPhone = Release|iPhone
		Release|iPhoneSimulator = Release|iPhoneSimulator
		Release|x64 = Release|x64
		Release|x86 = Release|x86
	EndGlobalSection
	GlobalSection(ProjectConfigurationPlatforms) = postSolution
		{C4EBDA31-0875-4307-A0C8-177F4C5C6A48}.Ad-Hoc|Any CPU.ActiveCfg = Release|Any CPU
		{C4EBDA31-0875-4307-A0C8-177F4C5C6A48}.Ad-Hoc|Any CPU.Build.0 = Release|Any CPU
		{C4EBDA31-0875-4307-A0C8-177F4C5C6A48}.Ad-Hoc|Any CPU.Deploy.0 = Release|Any CPU
		{C4EBDA31-0875-4307-A0C8-177F4C5C6A48}.Ad-Hoc|ARM.ActiveCfg = Release|Any CPU
		{C4EBDA31-0875-4307-A0C8-177F4C5C6A48}.Ad-Hoc|ARM.Build.0 = Release|Any CPU
		{C4EBDA31-0875-4307-A0C8-177F4C5C6A48}.Ad-Hoc|ARM.Deploy.0 = Release|Any CPU
		{C4EBDA31-0875-4307-A0C8-177F4C5C6A48}.Ad-Hoc|iPhone.ActiveCfg = Release|Any CPU
		{C4EBDA31-0875-4307-A0C8-177F4C5C6A48}.Ad-Hoc|iPhone.Build.0 = Release|Any CPU
		{C4EBDA31-0875-4307-A0C8-177F4C5C6A48}.Ad-Hoc|iPhone.Deploy.0 = Release|Any CPU
		{C4EBDA31-0875-4307-A0C8-177F4C5C6A48}.Ad-Hoc|iPhoneSimulator.ActiveCfg = Release|Any CPU
		{C4EBDA31-0875-4307-A0C8-177F4C5C6A48}.Ad-Hoc|iPhoneSimulator.Build.0 = Release|Any CPU
		{C4EBDA31-0875-4307-A0C8-177F4C5C6A48}.Ad-Hoc|iPhoneSimulator.Deploy.0 = Release|Any CPU
		{C4EBDA31-0875-4307-A0C8-177F4C5C6A48}.Ad-Hoc|x64.ActiveCfg = Release|Any CPU
		{C4EBDA31-0875-4307-A0C8-177F4C5C6A48}.Ad-Hoc|x64.Build.0 = Release|Any CPU
		{C4EBDA31-0875-4307-A0C8-177F4C5C6A48}.Ad-Hoc|x64.Deploy.0 = Release|Any CPU
		{C4EBDA31-0875-4307-A0C8-177F4C5C6A48}.Ad-Hoc|x86.ActiveCfg = Release|Any CPU
		{C4EBDA31-0875-4307-A0C8-177F4C5C6A48}.Ad-Hoc|x86.Build.0 = Release|Any CPU
		{C4EBDA31-0875-4307-A0C8-177F4C5C6A48}.Ad-Hoc|x86.Deploy.0 = Release|Any CPU
		{C4EBDA31-0875-4307-A0C8-177F4C5C6A48}.AppStore|Any CPU.ActiveCfg = Release|Any CPU
		{C4EBDA31-0875-4307-A0C8-177F4C5C6A48}.AppStore|Any CPU.Build.0 = Release|Any CPU
		{C4EBDA31-0875-4307-A0C8-177F4C5C6A48}.AppStore|Any CPU.Deploy.0 = Release|Any CPU
		{C4EBDA31-0875-4307-A0C8-177F4C5C6A48}.AppStore|ARM.ActiveCfg = Release|Any CPU
		{C4EBDA31-0875-4307-A0C8-177F4C5C6A48}.AppStore|ARM.Build.0 = Release|Any CPU
		{C4EBDA31-0875-4307-A0C8-177F4C5C6A48}.AppStore|ARM.Deploy.0 = Release|Any CPU
		{C4EBDA31-0875-4307-A0C8-177F4C5C6A48}.AppStore|iPhone.ActiveCfg = Release|Any CPU
		{C4EBDA31-0875-4307-A0C8-177F4C5C6A48}.AppStore|iPhone.Build.0 = Release|Any CPU
		{C4EBDA31-0875-4307-A0C8-177F4C5C6A48}.AppStore|iPhone.Deploy.0 = Release|Any CPU
		{C4EBDA31-0875-4307-A0C8-177F4C5C6A48}.AppStore|iPhoneSimulator.ActiveCfg = Release|Any CPU
		{C4EBDA31-0875-4307-A0C8-177F4C5C6A48}.AppStore|iPhoneSimulator.Build.0 = Release|Any CPU
		{C4EBDA31-0875-4307-A0C8-177F4C5C6A48}.AppStore|iPhoneSimulator.Deploy.0 = Release|Any CPU
		{C4EBDA31-0875-4307-A0C8-177F4C5C6A48}.AppStore|x64.ActiveCfg = Release|Any CPU
		{C4EBDA31-0875-4307-A0C8-177F4C5C6A48}.AppStore|x64.Build.0 = Release|Any CPU
		{C4EBDA31-0875-4307-A0C8-177F4C5C6A48}.AppStore|x64.Deploy.0 = Release|Any CPU
		{C4EBDA31-0875-4307-A0C8-177F4C5C6A48}.AppStore|x86.ActiveCfg = Release|Any CPU
		{C4EBDA31-0875-4307-A0C8-177F4C5C6A48}.AppStore|x86.Build.0 = Release|Any CPU
		{C4EBDA31-0875-4307-A0C8-177F4C5C6A48}.AppStore|x86.Deploy.0 = Release|Any CPU
		{C4EBDA31-0875-4307-A0C8-177F4C5C6A48}.Debug|Any CPU.ActiveCfg = Debug|Any CPU
		{C4EBDA31-0875-4307-A0C8-177F4C5C6A48}.Debug|Any CPU.Build.0 = Debug|Any CPU
		{C4EBDA31-0875-4307-A0C8-177F4C5C6A48}.Debug|Any CPU.Deploy.0 = Debug|Any CPU
		{C4EBDA31-0875-4307-A0C8-177F4C5C6A48}.Debug|ARM.ActiveCfg = Debug|Any CPU
		{C4EBDA31-0875-4307-A0C8-177F4C5C6A48}.Debug|ARM.Build.0 = Debug|Any CPU
		{C4EBDA31-0875-4307-A0C8-177F4C5C6A48}.Debug|ARM.Deploy.0 = Debug|Any CPU
		{C4EBDA31-0875-4307-A0C8-177F4C5C6A48}.Debug|iPhone.ActiveCfg = Debug|Any CPU
		{C4EBDA31-0875-4307-A0C8-177F4C5C6A48}.Debug|iPhone.Build.0 = Debug|Any CPU
		{C4EBDA31-0875-4307-A0C8-177F4C5C6A48}.Debug|iPhone.Deploy.0 = Debug|Any CPU
		{C4EBDA31-0875-4307-A0C8-177F4C5C6A48}.Debug|iPhoneSimulator.ActiveCfg = Debug|Any CPU
		{C4EBDA31-0875-4307-A0C8-177F4C5C6A48}.Debug|iPhoneSimulator.Build.0 = Debug|Any CPU
		{C4EBDA31-0875-4307-A0C8-177F4C5C6A48}.Debug|iPhoneSimulator.Deploy.0 = Debug|Any CPU
		{C4EBDA31-0875-4307-A0C8-177F4C5C6A48}.Debug|x64.ActiveCfg = Debug|Any CPU
		{C4EBDA31-0875-4307-A0C8-177F4C5C6A48}.Debug|x64.Build.0 = Debug|Any CPU
		{C4EBDA31-0875-4307-A0C8-177F4C5C6A48}.Debug|x64.Deploy.0 = Debug|Any CPU
		{C4EBDA31-0875-4307-A0C8-177F4C5C6A48}.Debug|x86.ActiveCfg = Debug|Any CPU
		{C4EBDA31-0875-4307-A0C8-177F4C5C6A48}.Debug|x86.Build.0 = Debug|Any CPU
		{C4EBDA31-0875-4307-A0C8-177F4C5C6A48}.Debug|x86.Deploy.0 = Debug|Any CPU
		{C4EBDA31-0875-4307-A0C8-177F4C5C6A48}.Release|Any CPU.ActiveCfg = Release|Any CPU
		{C4EBDA31-0875-4307-A0C8-177F4C5C6A48}.Release|Any CPU.Build.0 = Release|Any CPU
		{C4EBDA31-0875-4307-A0C8-177F4C5C6A48}.Release|Any CPU.Deploy.0 = Release|Any CPU
		{C4EBDA31-0875-4307-A0C8-177F4C5C6A48}.Release|ARM.ActiveCfg = Release|Any CPU
		{C4EBDA31-0875-4307-A0C8-177F4C5C6A48}.Release|ARM.Build.0 = Release|Any CPU
		{C4EBDA31-0875-4307-A0C8-177F4C5C6A48}.Release|ARM.Deploy.0 = Release|Any CPU
		{C4EBDA31-0875-4307-A0C8-177F4C5C6A48}.Release|iPhone.ActiveCfg = Release|Any CPU
		{C4EBDA31-0875-4307-A0C8-177F4C5C6A48}.Release|iPhone.Build.0 = Release|Any CPU
		{C4EBDA31-0875-4307-A0C8-177F4C5C6A48}.Release|iPhone.Deploy.0 = Release|Any CPU
		{C4EBDA31-0875-4307-A0C8-177F4C5C6A48}.Release|iPhoneSimulator.ActiveCfg = Release|Any CPU
		{C4EBDA31-0875-4307-A0C8-177F4C5C6A48}.Release|iPhoneSimulator.Build.0 = Release|Any CPU
		{C4EBDA31-0875-4307-A0C8-177F4C5C6A48}.Release|iPhoneSimulator.Deploy.0 = Release|Any CPU
		{C4EBDA31-0875-4307-A0C8-177F4C5C6A48}.Release|x64.ActiveCfg = Release|Any CPU
		{C4EBDA31-0875-4307-A0C8-177F4C5C6A48}.Release|x64.Build.0 = Release|Any CPU
		{C4EBDA31-0875-4307-A0C8-177F4C5C6A48}.Release|x64.Deploy.0 = Release|Any CPU
		{C4EBDA31-0875-4307-A0C8-177F4C5C6A48}.Release|x86.ActiveCfg = Release|Any CPU
		{C4EBDA31-0875-4307-A0C8-177F4C5C6A48}.Release|x86.Build.0 = Release|Any CPU
		{C4EBDA31-0875-4307-A0C8-177F4C5C6A48}.Release|x86.Deploy.0 = Release|Any CPU
		{B8647E1D-1EE8-45A7-AF98-7F157CBC8EA7}.Ad-Hoc|Any CPU.ActiveCfg = Ad-Hoc|iPhone
		{B8647E1D-1EE8-45A7-AF98-7F157CBC8EA7}.Ad-Hoc|ARM.ActiveCfg = Ad-Hoc|iPhone
		{B8647E1D-1EE8-45A7-AF98-7F157CBC8EA7}.Ad-Hoc|iPhone.ActiveCfg = Ad-Hoc|iPhone
		{B8647E1D-1EE8-45A7-AF98-7F157CBC8EA7}.Ad-Hoc|iPhone.Build.0 = Ad-Hoc|iPhone
		{B8647E1D-1EE8-45A7-AF98-7F157CBC8EA7}.Ad-Hoc|iPhoneSimulator.ActiveCfg = Ad-Hoc|iPhoneSimulator
		{B8647E1D-1EE8-45A7-AF98-7F157CBC8EA7}.Ad-Hoc|iPhoneSimulator.Build.0 = Ad-Hoc|iPhoneSimulator
		{B8647E1D-1EE8-45A7-AF98-7F157CBC8EA7}.Ad-Hoc|x64.ActiveCfg = Ad-Hoc|iPhone
		{B8647E1D-1EE8-45A7-AF98-7F157CBC8EA7}.Ad-Hoc|x86.ActiveCfg = Ad-Hoc|iPhone
		{B8647E1D-1EE8-45A7-AF98-7F157CBC8EA7}.AppStore|Any CPU.ActiveCfg = AppStore|iPhone
		{B8647E1D-1EE8-45A7-AF98-7F157CBC8EA7}.AppStore|ARM.ActiveCfg = AppStore|iPhone
		{B8647E1D-1EE8-45A7-AF98-7F157CBC8EA7}.AppStore|iPhone.ActiveCfg = AppStore|iPhone
		{B8647E1D-1EE8-45A7-AF98-7F157CBC8EA7}.AppStore|iPhone.Build.0 = AppStore|iPhone
		{B8647E1D-1EE8-45A7-AF98-7F157CBC8EA7}.AppStore|iPhoneSimulator.ActiveCfg = AppStore|iPhoneSimulator
		{B8647E1D-1EE8-45A7-AF98-7F157CBC8EA7}.AppStore|iPhoneSimulator.Build.0 = AppStore|iPhoneSimulator
		{B8647E1D-1EE8-45A7-AF98-7F157CBC8EA7}.AppStore|x64.ActiveCfg = AppStore|iPhone
		{B8647E1D-1EE8-45A7-AF98-7F157CBC8EA7}.AppStore|x86.ActiveCfg = AppStore|iPhone
		{B8647E1D-1EE8-45A7-AF98-7F157CBC8EA7}.Debug|Any CPU.ActiveCfg = Debug|iPhone
		{B8647E1D-1EE8-45A7-AF98-7F157CBC8EA7}.Debug|ARM.ActiveCfg = Debug|iPhone
		{B8647E1D-1EE8-45A7-AF98-7F157CBC8EA7}.Debug|iPhone.ActiveCfg = Debug|iPhone
		{B8647E1D-1EE8-45A7-AF98-7F157CBC8EA7}.Debug|iPhone.Build.0 = Debug|iPhone
		{B8647E1D-1EE8-45A7-AF98-7F157CBC8EA7}.Debug|iPhoneSimulator.ActiveCfg = Debug|iPhoneSimulator
		{B8647E1D-1EE8-45A7-AF98-7F157CBC8EA7}.Debug|iPhoneSimulator.Build.0 = Debug|iPhoneSimulator
		{B8647E1D-1EE8-45A7-AF98-7F157CBC8EA7}.Debug|x64.ActiveCfg = Debug|iPhone
		{B8647E1D-1EE8-45A7-AF98-7F157CBC8EA7}.Debug|x86.ActiveCfg = Debug|iPhone
		{B8647E1D-1EE8-45A7-AF98-7F157CBC8EA7}.Release|Any CPU.ActiveCfg = Release|iPhone
		{B8647E1D-1EE8-45A7-AF98-7F157CBC8EA7}.Release|ARM.ActiveCfg = Release|iPhone
		{B8647E1D-1EE8-45A7-AF98-7F157CBC8EA7}.Release|iPhone.ActiveCfg = Release|iPhone
		{B8647E1D-1EE8-45A7-AF98-7F157CBC8EA7}.Release|iPhone.Build.0 = Release|iPhone
		{B8647E1D-1EE8-45A7-AF98-7F157CBC8EA7}.Release|iPhoneSimulator.ActiveCfg = Release|iPhoneSimulator
		{B8647E1D-1EE8-45A7-AF98-7F157CBC8EA7}.Release|iPhoneSimulator.Build.0 = Release|iPhoneSimulator
		{B8647E1D-1EE8-45A7-AF98-7F157CBC8EA7}.Release|x64.ActiveCfg = Release|iPhone
		{B8647E1D-1EE8-45A7-AF98-7F157CBC8EA7}.Release|x86.ActiveCfg = Release|iPhone
		{01983584-45C0-4240-96CB-9E7C6345E7B5}.Ad-Hoc|Any CPU.ActiveCfg = Release|Any CPU
		{01983584-45C0-4240-96CB-9E7C6345E7B5}.Ad-Hoc|Any CPU.Build.0 = Release|Any CPU
		{01983584-45C0-4240-96CB-9E7C6345E7B5}.Ad-Hoc|Any CPU.Deploy.0 = Release|Any CPU
		{01983584-45C0-4240-96CB-9E7C6345E7B5}.Ad-Hoc|ARM.ActiveCfg = Release|ARM
		{01983584-45C0-4240-96CB-9E7C6345E7B5}.Ad-Hoc|ARM.Build.0 = Release|ARM
		{01983584-45C0-4240-96CB-9E7C6345E7B5}.Ad-Hoc|ARM.Deploy.0 = Release|ARM
		{01983584-45C0-4240-96CB-9E7C6345E7B5}.Ad-Hoc|iPhone.ActiveCfg = Release|Any CPU
		{01983584-45C0-4240-96CB-9E7C6345E7B5}.Ad-Hoc|iPhone.Build.0 = Release|Any CPU
		{01983584-45C0-4240-96CB-9E7C6345E7B5}.Ad-Hoc|iPhone.Deploy.0 = Release|Any CPU
		{01983584-45C0-4240-96CB-9E7C6345E7B5}.Ad-Hoc|iPhoneSimulator.ActiveCfg = Release|Any CPU
		{01983584-45C0-4240-96CB-9E7C6345E7B5}.Ad-Hoc|iPhoneSimulator.Build.0 = Release|Any CPU
		{01983584-45C0-4240-96CB-9E7C6345E7B5}.Ad-Hoc|iPhoneSimulator.Deploy.0 = Release|Any CPU
		{01983584-45C0-4240-96CB-9E7C6345E7B5}.Ad-Hoc|x64.ActiveCfg = Release|Any CPU
		{01983584-45C0-4240-96CB-9E7C6345E7B5}.Ad-Hoc|x64.Build.0 = Release|Any CPU
		{01983584-45C0-4240-96CB-9E7C6345E7B5}.Ad-Hoc|x64.Deploy.0 = Release|Any CPU
		{01983584-45C0-4240-96CB-9E7C6345E7B5}.Ad-Hoc|x86.ActiveCfg = Release|x86
		{01983584-45C0-4240-96CB-9E7C6345E7B5}.Ad-Hoc|x86.Build.0 = Release|x86
		{01983584-45C0-4240-96CB-9E7C6345E7B5}.Ad-Hoc|x86.Deploy.0 = Release|x86
		{01983584-45C0-4240-96CB-9E7C6345E7B5}.AppStore|Any CPU.ActiveCfg = Release|Any CPU
		{01983584-45C0-4240-96CB-9E7C6345E7B5}.AppStore|Any CPU.Build.0 = Release|Any CPU
		{01983584-45C0-4240-96CB-9E7C6345E7B5}.AppStore|Any CPU.Deploy.0 = Release|Any CPU
		{01983584-45C0-4240-96CB-9E7C6345E7B5}.AppStore|ARM.ActiveCfg = Release|ARM
		{01983584-45C0-4240-96CB-9E7C6345E7B5}.AppStore|ARM.Build.0 = Release|ARM
		{01983584-45C0-4240-96CB-9E7C6345E7B5}.AppStore|ARM.Deploy.0 = Release|ARM
		{01983584-45C0-4240-96CB-9E7C6345E7B5}.AppStore|iPhone.ActiveCfg = Release|Any CPU
		{01983584-45C0-4240-96CB-9E7C6345E7B5}.AppStore|iPhone.Build.0 = Release|Any CPU
		{01983584-45C0-4240-96CB-9E7C6345E7B5}.AppStore|iPhone.Deploy.0 = Release|Any CPU
		{01983584-45C0-4240-96CB-9E7C6345E7B5}.AppStore|iPhoneSimulator.ActiveCfg = Release|Any CPU
		{01983584-45C0-4240-96CB-9E7C6345E7B5}.AppStore|iPhoneSimulator.Build.0 = Release|Any CPU
		{01983584-45C0-4240-96CB-9E7C6345E7B5}.AppStore|iPhoneSimulator.Deploy.0 = Release|Any CPU
		{01983584-45C0-4240-96CB-9E7C6345E7B5}.AppStore|x64.ActiveCfg = Release|Any CPU
		{01983584-45C0-4240-96CB-9E7C6345E7B5}.AppStore|x64.Build.0 = Release|Any CPU
		{01983584-45C0-4240-96CB-9E7C6345E7B5}.AppStore|x64.Deploy.0 = Release|Any CPU
		{01983584-45C0-4240-96CB-9E7C6345E7B5}.AppStore|x86.ActiveCfg = Release|x86
		{01983584-45C0-4240-96CB-9E7C6345E7B5}.AppStore|x86.Build.0 = Release|x86
		{01983584-45C0-4240-96CB-9E7C6345E7B5}.AppStore|x86.Deploy.0 = Release|x86
		{01983584-45C0-4240-96CB-9E7C6345E7B5}.Debug|Any CPU.ActiveCfg = Debug|Any CPU
		{01983584-45C0-4240-96CB-9E7C6345E7B5}.Debug|Any CPU.Build.0 = Debug|Any CPU
		{01983584-45C0-4240-96CB-9E7C6345E7B5}.Debug|Any CPU.Deploy.0 = Debug|Any CPU
		{01983584-45C0-4240-96CB-9E7C6345E7B5}.Debug|ARM.ActiveCfg = Debug|ARM
		{01983584-45C0-4240-96CB-9E7C6345E7B5}.Debug|ARM.Build.0 = Debug|ARM
		{01983584-45C0-4240-96CB-9E7C6345E7B5}.Debug|ARM.Deploy.0 = Debug|ARM
		{01983584-45C0-4240-96CB-9E7C6345E7B5}.Debug|iPhone.ActiveCfg = Debug|Any CPU
		{01983584-45C0-4240-96CB-9E7C6345E7B5}.Debug|iPhone.Build.0 = Debug|Any CPU
		{01983584-45C0-4240-96CB-9E7C6345E7B5}.Debug|iPhone.Deploy.0 = Debug|Any CPU
		{01983584-45C0-4240-96CB-9E7C6345E7B5}.Debug|iPhoneSimulator.ActiveCfg = Debug|Any CPU
		{01983584-45C0-4240-96CB-9E7C6345E7B5}.Debug|iPhoneSimulator.Build.0 = Debug|Any CPU
		{01983584-45C0-4240-96CB-9E7C6345E7B5}.Debug|iPhoneSimulator.Deploy.0 = Debug|Any CPU
		{01983584-45C0-4240-96CB-9E7C6345E7B5}.Debug|x64.ActiveCfg = Debug|Any CPU
		{01983584-45C0-4240-96CB-9E7C6345E7B5}.Debug|x64.Build.0 = Debug|Any CPU
		{01983584-45C0-4240-96CB-9E7C6345E7B5}.Debug|x64.Deploy.0 = Debug|Any CPU
		{01983584-45C0-4240-96CB-9E7C6345E7B5}.Debug|x86.ActiveCfg = Debug|x86
		{01983584-45C0-4240-96CB-9E7C6345E7B5}.Debug|x86.Build.0 = Debug|x86
		{01983584-45C0-4240-96CB-9E7C6345E7B5}.Debug|x86.Deploy.0 = Debug|x86
		{01983584-45C0-4240-96CB-9E7C6345E7B5}.Release|Any CPU.ActiveCfg = Release|Any CPU
		{01983584-45C0-4240-96CB-9E7C6345E7B5}.Release|Any CPU.Build.0 = Release|Any CPU
		{01983584-45C0-4240-96CB-9E7C6345E7B5}.Release|Any CPU.Deploy.0 = Release|Any CPU
		{01983584-45C0-4240-96CB-9E7C6345E7B5}.Release|ARM.ActiveCfg = Release|ARM
		{01983584-45C0-4240-96CB-9E7C6345E7B5}.Release|ARM.Build.0 = Release|ARM
		{01983584-45C0-4240-96CB-9E7C6345E7B5}.Release|ARM.Deploy.0 = Release|ARM
		{01983584-45C0-4240-96CB-9E7C6345E7B5}.Release|iPhone.ActiveCfg = Release|Any CPU
		{01983584-45C0-4240-96CB-9E7C6345E7B5}.Release|iPhone.Build.0 = Release|Any CPU
		{01983584-45C0-4240-96CB-9E7C6345E7B5}.Release|iPhone.Deploy.0 = Release|Any CPU
		{01983584-45C0-4240-96CB-9E7C6345E7B5}.Release|iPhoneSimulator.ActiveCfg = Release|Any CPU
		{01983584-45C0-4240-96CB-9E7C6345E7B5}.Release|iPhoneSimulator.Build.0 = Release|Any CPU
		{01983584-45C0-4240-96CB-9E7C6345E7B5}.Release|iPhoneSimulator.Deploy.0 = Release|Any CPU
		{01983584-45C0-4240-96CB-9E7C6345E7B5}.Release|x64.ActiveCfg = Release|Any CPU
		{01983584-45C0-4240-96CB-9E7C6345E7B5}.Release|x64.Build.0 = Release|Any CPU
		{01983584-45C0-4240-96CB-9E7C6345E7B5}.Release|x64.Deploy.0 = Release|Any CPU
		{01983584-45C0-4240-96CB-9E7C6345E7B5}.Release|x86.ActiveCfg = Release|x86
		{01983584-45C0-4240-96CB-9E7C6345E7B5}.Release|x86.Build.0 = Release|x86
		{01983584-45C0-4240-96CB-9E7C6345E7B5}.Release|x86.Deploy.0 = Release|x86
		{EE3D203C-780A-4D71-A3FA-2431A900A00B}.Ad-Hoc|Any CPU.ActiveCfg = Release|x86
		{EE3D203C-780A-4D71-A3FA-2431A900A00B}.Ad-Hoc|Any CPU.Build.0 = Release|x86
		{EE3D203C-780A-4D71-A3FA-2431A900A00B}.Ad-Hoc|Any CPU.Deploy.0 = Release|x86
		{EE3D203C-780A-4D71-A3FA-2431A900A00B}.Ad-Hoc|ARM.ActiveCfg = Release|ARM
		{EE3D203C-780A-4D71-A3FA-2431A900A00B}.Ad-Hoc|ARM.Build.0 = Release|ARM
		{EE3D203C-780A-4D71-A3FA-2431A900A00B}.Ad-Hoc|ARM.Deploy.0 = Release|ARM
		{EE3D203C-780A-4D71-A3FA-2431A900A00B}.Ad-Hoc|iPhone.ActiveCfg = Release|x86
		{EE3D203C-780A-4D71-A3FA-2431A900A00B}.Ad-Hoc|iPhone.Build.0 = Release|x86
		{EE3D203C-780A-4D71-A3FA-2431A900A00B}.Ad-Hoc|iPhone.Deploy.0 = Release|x86
		{EE3D203C-780A-4D71-A3FA-2431A900A00B}.Ad-Hoc|iPhoneSimulator.ActiveCfg = Release|x86
		{EE3D203C-780A-4D71-A3FA-2431A900A00B}.Ad-Hoc|iPhoneSimulator.Build.0 = Release|x86
		{EE3D203C-780A-4D71-A3FA-2431A900A00B}.Ad-Hoc|iPhoneSimulator.Deploy.0 = Release|x86
		{EE3D203C-780A-4D71-A3FA-2431A900A00B}.Ad-Hoc|x64.ActiveCfg = Release|x64
		{EE3D203C-780A-4D71-A3FA-2431A900A00B}.Ad-Hoc|x64.Build.0 = Release|x64
		{EE3D203C-780A-4D71-A3FA-2431A900A00B}.Ad-Hoc|x64.Deploy.0 = Release|x64
		{EE3D203C-780A-4D71-A3FA-2431A900A00B}.Ad-Hoc|x86.ActiveCfg = Release|x86
		{EE3D203C-780A-4D71-A3FA-2431A900A00B}.Ad-Hoc|x86.Build.0 = Release|x86
		{EE3D203C-780A-4D71-A3FA-2431A900A00B}.Ad-Hoc|x86.Deploy.0 = Release|x86
		{EE3D203C-780A-4D71-A3FA-2431A900A00B}.AppStore|Any CPU.ActiveCfg = Release|x86
		{EE3D203C-780A-4D71-A3FA-2431A900A00B}.AppStore|Any CPU.Build.0 = Release|x86
		{EE3D203C-780A-4D71-A3FA-2431A900A00B}.AppStore|Any CPU.Deploy.0 = Release|x86
		{EE3D203C-780A-4D71-A3FA-2431A900A00B}.AppStore|ARM.ActiveCfg = Release|ARM
		{EE3D203C-780A-4D71-A3FA-2431A900A00B}.AppStore|ARM.Build.0 = Release|ARM
		{EE3D203C-780A-4D71-A3FA-2431A900A00B}.AppStore|ARM.Deploy.0 = Release|ARM
		{EE3D203C-780A-4D71-A3FA-2431A900A00B}.AppStore|iPhone.ActiveCfg = Release|x86
		{EE3D203C-780A-4D71-A3FA-2431A900A00B}.AppStore|iPhone.Build.0 = Release|x86
		{EE3D203C-780A-4D71-A3FA-2431A900A00B}.AppStore|iPhone.Deploy.0 = Release|x86
		{EE3D203C-780A-4D71-A3FA-2431A900A00B}.AppStore|iPhoneSimulator.ActiveCfg = Release|x86
		{EE3D203C-780A-4D71-A3FA-2431A900A00B}.AppStore|iPhoneSimulator.Build.0 = Release|x86
		{EE3D203C-780A-4D71-A3FA-2431A900A00B}.AppStore|iPhoneSimulator.Deploy.0 = Release|x86
		{EE3D203C-780A-4D71-A3FA-2431A900A00B}.AppStore|x64.ActiveCfg = Release|x64
		{EE3D203C-780A-4D71-A3FA-2431A900A00B}.AppStore|x64.Build.0 = Release|x64
		{EE3D203C-780A-4D71-A3FA-2431A900A00B}.AppStore|x64.Deploy.0 = Release|x64
		{EE3D203C-780A-4D71-A3FA-2431A900A00B}.AppStore|x86.ActiveCfg = Release|x86
		{EE3D203C-780A-4D71-A3FA-2431A900A00B}.AppStore|x86.Build.0 = Release|x86
		{EE3D203C-780A-4D71-A3FA-2431A900A00B}.AppStore|x86.Deploy.0 = Release|x86
		{EE3D203C-780A-4D71-A3FA-2431A900A00B}.Debug|Any CPU.ActiveCfg = Debug|x86
		{EE3D203C-780A-4D71-A3FA-2431A900A00B}.Debug|ARM.ActiveCfg = Debug|ARM
		{EE3D203C-780A-4D71-A3FA-2431A900A00B}.Debug|ARM.Build.0 = Debug|ARM
		{EE3D203C-780A-4D71-A3FA-2431A900A00B}.Debug|ARM.Deploy.0 = Debug|ARM
		{EE3D203C-780A-4D71-A3FA-2431A900A00B}.Debug|iPhone.ActiveCfg = Debug|x86
		{EE3D203C-780A-4D71-A3FA-2431A900A00B}.Debug|iPhoneSimulator.ActiveCfg = Debug|x86
		{EE3D203C-780A-4D71-A3FA-2431A900A00B}.Debug|x64.ActiveCfg = Debug|x64
		{EE3D203C-780A-4D71-A3FA-2431A900A00B}.Debug|x64.Build.0 = Debug|x64
		{EE3D203C-780A-4D71-A3FA-2431A900A00B}.Debug|x64.Deploy.0 = Debug|x64
		{EE3D203C-780A-4D71-A3FA-2431A900A00B}.Debug|x86.ActiveCfg = Debug|x86
		{EE3D203C-780A-4D71-A3FA-2431A900A00B}.Debug|x86.Build.0 = Debug|x86
		{EE3D203C-780A-4D71-A3FA-2431A900A00B}.Debug|x86.Deploy.0 = Debug|x86
		{EE3D203C-780A-4D71-A3FA-2431A900A00B}.Release|Any CPU.ActiveCfg = Release|x86
		{EE3D203C-780A-4D71-A3FA-2431A900A00B}.Release|ARM.ActiveCfg = Release|ARM
		{EE3D203C-780A-4D71-A3FA-2431A900A00B}.Release|ARM.Build.0 = Release|ARM
		{EE3D203C-780A-4D71-A3FA-2431A900A00B}.Release|ARM.Deploy.0 = Release|ARM
		{EE3D203C-780A-4D71-A3FA-2431A900A00B}.Release|iPhone.ActiveCfg = Release|x86
		{EE3D203C-780A-4D71-A3FA-2431A900A00B}.Release|iPhoneSimulator.ActiveCfg = Release|x86
		{EE3D203C-780A-4D71-A3FA-2431A900A00B}.Release|x64.ActiveCfg = Release|x64
		{EE3D203C-780A-4D71-A3FA-2431A900A00B}.Release|x64.Build.0 = Release|x64
		{EE3D203C-780A-4D71-A3FA-2431A900A00B}.Release|x64.Deploy.0 = Release|x64
		{EE3D203C-780A-4D71-A3FA-2431A900A00B}.Release|x86.ActiveCfg = Release|x86
		{EE3D203C-780A-4D71-A3FA-2431A900A00B}.Release|x86.Build.0 = Release|x86
		{EE3D203C-780A-4D71-A3FA-2431A900A00B}.Release|x86.Deploy.0 = Release|x86
		{F61ADA69-91B9-40DD-8A02-D520B8919E70}.Ad-Hoc|Any CPU.ActiveCfg = Release|Any CPU
		{F61ADA69-91B9-40DD-8A02-D520B8919E70}.Ad-Hoc|Any CPU.Build.0 = Release|Any CPU
		{F61ADA69-91B9-40DD-8A02-D520B8919E70}.Ad-Hoc|Any CPU.Deploy.0 = Release|Any CPU
		{F61ADA69-91B9-40DD-8A02-D520B8919E70}.Ad-Hoc|ARM.ActiveCfg = Release|ARM
		{F61ADA69-91B9-40DD-8A02-D520B8919E70}.Ad-Hoc|ARM.Build.0 = Release|ARM
		{F61ADA69-91B9-40DD-8A02-D520B8919E70}.Ad-Hoc|ARM.Deploy.0 = Release|ARM
		{F61ADA69-91B9-40DD-8A02-D520B8919E70}.Ad-Hoc|iPhone.ActiveCfg = Release|Any CPU
		{F61ADA69-91B9-40DD-8A02-D520B8919E70}.Ad-Hoc|iPhone.Build.0 = Release|Any CPU
		{F61ADA69-91B9-40DD-8A02-D520B8919E70}.Ad-Hoc|iPhone.Deploy.0 = Release|Any CPU
		{F61ADA69-91B9-40DD-8A02-D520B8919E70}.Ad-Hoc|iPhoneSimulator.ActiveCfg = Release|Any CPU
		{F61ADA69-91B9-40DD-8A02-D520B8919E70}.Ad-Hoc|iPhoneSimulator.Build.0 = Release|Any CPU
		{F61ADA69-91B9-40DD-8A02-D520B8919E70}.Ad-Hoc|iPhoneSimulator.Deploy.0 = Release|Any CPU
		{F61ADA69-91B9-40DD-8A02-D520B8919E70}.Ad-Hoc|x64.ActiveCfg = Release|x64
		{F61ADA69-91B9-40DD-8A02-D520B8919E70}.Ad-Hoc|x64.Build.0 = Release|x64
		{F61ADA69-91B9-40DD-8A02-D520B8919E70}.Ad-Hoc|x64.Deploy.0 = Release|x64
		{F61ADA69-91B9-40DD-8A02-D520B8919E70}.Ad-Hoc|x86.ActiveCfg = Release|x86
		{F61ADA69-91B9-40DD-8A02-D520B8919E70}.Ad-Hoc|x86.Build.0 = Release|x86
		{F61ADA69-91B9-40DD-8A02-D520B8919E70}.Ad-Hoc|x86.Deploy.0 = Release|x86
		{F61ADA69-91B9-40DD-8A02-D520B8919E70}.AppStore|Any CPU.ActiveCfg = Release|Any CPU
		{F61ADA69-91B9-40DD-8A02-D520B8919E70}.AppStore|Any CPU.Build.0 = Release|Any CPU
		{F61ADA69-91B9-40DD-8A02-D520B8919E70}.AppStore|Any CPU.Deploy.0 = Release|Any CPU
		{F61ADA69-91B9-40DD-8A02-D520B8919E70}.AppStore|ARM.ActiveCfg = Release|ARM
		{F61ADA69-91B9-40DD-8A02-D520B8919E70}.AppStore|ARM.Build.0 = Release|ARM
		{F61ADA69-91B9-40DD-8A02-D520B8919E70}.AppStore|ARM.Deploy.0 = Release|ARM
		{F61ADA69-91B9-40DD-8A02-D520B8919E70}.AppStore|iPhone.ActiveCfg = Release|Any CPU
		{F61ADA69-91B9-40DD-8A02-D520B8919E70}.AppStore|iPhone.Build.0 = Release|Any CPU
		{F61ADA69-91B9-40DD-8A02-D520B8919E70}.AppStore|iPhone.Deploy.0 = Release|Any CPU
		{F61ADA69-91B9-40DD-8A02-D520B8919E70}.AppStore|iPhoneSimulator.ActiveCfg = Release|Any CPU
		{F61ADA69-91B9-40DD-8A02-D520B8919E70}.AppStore|iPhoneSimulator.Build.0 = Release|Any CPU
		{F61ADA69-91B9-40DD-8A02-D520B8919E70}.AppStore|iPhoneSimulator.Deploy.0 = Release|Any CPU
		{F61ADA69-91B9-40DD-8A02-D520B8919E70}.AppStore|x64.ActiveCfg = Release|x64
		{F61ADA69-91B9-40DD-8A02-D520B8919E70}.AppStore|x64.Build.0 = Release|x64
		{F61ADA69-91B9-40DD-8A02-D520B8919E70}.AppStore|x64.Deploy.0 = Release|x64
		{F61ADA69-91B9-40DD-8A02-D520B8919E70}.AppStore|x86.ActiveCfg = Release|x86
		{F61ADA69-91B9-40DD-8A02-D520B8919E70}.AppStore|x86.Build.0 = Release|x86
		{F61ADA69-91B9-40DD-8A02-D520B8919E70}.AppStore|x86.Deploy.0 = Release|x86
		{F61ADA69-91B9-40DD-8A02-D520B8919E70}.Debug|Any CPU.ActiveCfg = Debug|Any CPU
		{F61ADA69-91B9-40DD-8A02-D520B8919E70}.Debug|Any CPU.Build.0 = Debug|Any CPU
		{F61ADA69-91B9-40DD-8A02-D520B8919E70}.Debug|Any CPU.Deploy.0 = Debug|Any CPU
		{F61ADA69-91B9-40DD-8A02-D520B8919E70}.Debug|ARM.ActiveCfg = Debug|ARM
		{F61ADA69-91B9-40DD-8A02-D520B8919E70}.Debug|ARM.Build.0 = Debug|ARM
		{F61ADA69-91B9-40DD-8A02-D520B8919E70}.Debug|ARM.Deploy.0 = Debug|ARM
		{F61ADA69-91B9-40DD-8A02-D520B8919E70}.Debug|iPhone.ActiveCfg = Debug|Any CPU
		{F61ADA69-91B9-40DD-8A02-D520B8919E70}.Debug|iPhone.Build.0 = Debug|Any CPU
		{F61ADA69-91B9-40DD-8A02-D520B8919E70}.Debug|iPhone.Deploy.0 = Debug|Any CPU
		{F61ADA69-91B9-40DD-8A02-D520B8919E70}.Debug|iPhoneSimulator.ActiveCfg = Debug|Any CPU
		{F61ADA69-91B9-40DD-8A02-D520B8919E70}.Debug|iPhoneSimulator.Build.0 = Debug|Any CPU
		{F61ADA69-91B9-40DD-8A02-D520B8919E70}.Debug|iPhoneSimulator.Deploy.0 = Debug|Any CPU
		{F61ADA69-91B9-40DD-8A02-D520B8919E70}.Debug|x64.ActiveCfg = Debug|x64
		{F61ADA69-91B9-40DD-8A02-D520B8919E70}.Debug|x64.Build.0 = Debug|x64
		{F61ADA69-91B9-40DD-8A02-D520B8919E70}.Debug|x64.Deploy.0 = Debug|x64
		{F61ADA69-91B9-40DD-8A02-D520B8919E70}.Debug|x86.ActiveCfg = Debug|x86
		{F61ADA69-91B9-40DD-8A02-D520B8919E70}.Debug|x86.Build.0 = Debug|x86
		{F61ADA69-91B9-40DD-8A02-D520B8919E70}.Debug|x86.Deploy.0 = Debug|x86
		{F61ADA69-91B9-40DD-8A02-D520B8919E70}.Release|Any CPU.ActiveCfg = Release|Any CPU
		{F61ADA69-91B9-40DD-8A02-D520B8919E70}.Release|Any CPU.Build.0 = Release|Any CPU
		{F61ADA69-91B9-40DD-8A02-D520B8919E70}.Release|Any CPU.Deploy.0 = Release|Any CPU
		{F61ADA69-91B9-40DD-8A02-D520B8919E70}.Release|ARM.ActiveCfg = Release|ARM
		{F61ADA69-91B9-40DD-8A02-D520B8919E70}.Release|ARM.Build.0 = Release|ARM
		{F61ADA69-91B9-40DD-8A02-D520B8919E70}.Release|ARM.Deploy.0 = Release|ARM
		{F61ADA69-91B9-40DD-8A02-D520B8919E70}.Release|iPhone.ActiveCfg = Release|Any CPU
		{F61ADA69-91B9-40DD-8A02-D520B8919E70}.Release|iPhone.Build.0 = Release|Any CPU
		{F61ADA69-91B9-40DD-8A02-D520B8919E70}.Release|iPhone.Deploy.0 = Release|Any CPU
		{F61ADA69-91B9-40DD-8A02-D520B8919E70}.Release|iPhoneSimulator.ActiveCfg = Release|Any CPU
		{F61ADA69-91B9-40DD-8A02-D520B8919E70}.Release|iPhoneSimulator.Build.0 = Release|Any CPU
		{F61ADA69-91B9-40DD-8A02-D520B8919E70}.Release|iPhoneSimulator.Deploy.0 = Release|Any CPU
		{F61ADA69-91B9-40DD-8A02-D520B8919E70}.Release|x64.ActiveCfg = Release|x64
		{F61ADA69-91B9-40DD-8A02-D520B8919E70}.Release|x64.Build.0 = Release|x64
		{F61ADA69-91B9-40DD-8A02-D520B8919E70}.Release|x64.Deploy.0 = Release|x64
		{F61ADA69-91B9-40DD-8A02-D520B8919E70}.Release|x86.ActiveCfg = Release|x86
		{F61ADA69-91B9-40DD-8A02-D520B8919E70}.Release|x86.Build.0 = Release|x86
		{F61ADA69-91B9-40DD-8A02-D520B8919E70}.Release|x86.Deploy.0 = Release|x86
	EndGlobalSection
	GlobalSection(SolutionProperties) = preSolution
		HideSolutionNode = FALSE
	EndGlobalSection
EndGlobal
